// !$*UTF8*$!
{
	archiveVersion = 1;
	classes = {
	};
	objectVersion = 48;
	objects = {

/* Begin PBXBuildFile section */
		035AD88220B34BE9006494B7 /* NamesViewController.swift in Sources */ = {isa = PBXBuildFile; fileRef = 035AD88120B34BE9006494B7 /* NamesViewController.swift */; };
		03FCE3721FE89640008F90DD /* AppDelegate.swift in Sources */ = {isa = PBXBuildFile; fileRef = 03FCE3711FE89640008F90DD /* AppDelegate.swift */; };
		03FCE3741FE89640008F90DD /* ViewController.swift in Sources */ = {isa = PBXBuildFile; fileRef = 03FCE3731FE89640008F90DD /* ViewController.swift */; };
		03FCE3761FE89640008F90DD /* Assets.xcassets in Resources */ = {isa = PBXBuildFile; fileRef = 03FCE3751FE89640008F90DD /* Assets.xcassets */; };
		03FCE3791FE89640008F90DD /* Main.storyboard in Resources */ = {isa = PBXBuildFile; fileRef = 03FCE3771FE89640008F90DD /* Main.storyboard */; };
		03FCE3881FE89A6F008F90DD /* UFOKit.framework in Frameworks */ = {isa = PBXBuildFile; fileRef = 03FCE3891FE89A6F008F90DD /* UFOKit.framework */; };
		03FCE38D1FE9F1EB008F90DD /* GlyphView.swift in Sources */ = {isa = PBXBuildFile; fileRef = 03FCE38C1FE9F1EB008F90DD /* GlyphView.swift */; };
/* End PBXBuildFile section */

/* Begin PBXFileReference section */
		035AD88120B34BE9006494B7 /* NamesViewController.swift */ = {isa = PBXFileReference; lastKnownFileType = sourcecode.swift; path = NamesViewController.swift; sourceTree = "<group>"; };
		03FCE36E1FE89640008F90DD /* UFOSample.app */ = {isa = PBXFileReference; explicitFileType = wrapper.application; includeInIndex = 0; path = UFOSample.app; sourceTree = BUILT_PRODUCTS_DIR; };
		03FCE3711FE89640008F90DD /* AppDelegate.swift */ = {isa = PBXFileReference; lastKnownFileType = sourcecode.swift; path = AppDelegate.swift; sourceTree = "<group>"; };
		03FCE3731FE89640008F90DD /* ViewController.swift */ = {isa = PBXFileReference; lastKnownFileType = sourcecode.swift; path = ViewController.swift; sourceTree = "<group>"; };
		03FCE3751FE89640008F90DD /* Assets.xcassets */ = {isa = PBXFileReference; lastKnownFileType = folder.assetcatalog; path = Assets.xcassets; sourceTree = "<group>"; };
		03FCE3781FE89640008F90DD /* Base */ = {isa = PBXFileReference; lastKnownFileType = file.storyboard; name = Base; path = Base.lproj/Main.storyboard; sourceTree = "<group>"; };
		03FCE37A1FE89640008F90DD /* Info.plist */ = {isa = PBXFileReference; lastKnownFileType = text.plist.xml; path = Info.plist; sourceTree = "<group>"; };
		03FCE37B1FE89640008F90DD /* UFOSample.entitlements */ = {isa = PBXFileReference; lastKnownFileType = text.plist.entitlements; path = UFOSample.entitlements; sourceTree = "<group>"; };
		03FCE3891FE89A6F008F90DD /* UFOKit.framework */ = {isa = PBXFileReference; explicitFileType = wrapper.framework; path = UFOKit.framework; sourceTree = BUILT_PRODUCTS_DIR; };
		03FCE38C1FE9F1EB008F90DD /* GlyphView.swift */ = {isa = PBXFileReference; lastKnownFileType = sourcecode.swift; path = GlyphView.swift; sourceTree = "<group>"; };
/* End PBXFileReference section */

/* Begin PBXFrameworksBuildPhase section */
		03FCE36B1FE89640008F90DD /* Frameworks */ = {
			isa = PBXFrameworksBuildPhase;
			buildActionMask = 2147483647;
			files = (
				03FCE3881FE89A6F008F90DD /* UFOKit.framework in Frameworks */,
			);
			runOnlyForDeploymentPostprocessing = 0;
		};
/* End PBXFrameworksBuildPhase section */

/* Begin PBXGroup section */
		03FCE3651FE89640008F90DD = {
			isa = PBXGroup;
			children = (
				03FCE3701FE89640008F90DD /* UFOSample */,
				03FCE36F1FE89640008F90DD /* Products */,
				03FCE3871FE89A6F008F90DD /* Frameworks */,
			);
			sourceTree = "<group>";
		};
		03FCE36F1FE89640008F90DD /* Products */ = {
			isa = PBXGroup;
			children = (
				03FCE36E1FE89640008F90DD /* UFOSample.app */,
			);
			name = Products;
			sourceTree = "<group>";
		};
		03FCE3701FE89640008F90DD /* UFOSample */ = {
			isa = PBXGroup;
			children = (
				03FCE3711FE89640008F90DD /* AppDelegate.swift */,
				03FCE3731FE89640008F90DD /* ViewController.swift */,
				03FCE3751FE89640008F90DD /* Assets.xcassets */,
				03FCE3771FE89640008F90DD /* Main.storyboard */,
				03FCE37A1FE89640008F90DD /* Info.plist */,
				03FCE37B1FE89640008F90DD /* UFOSample.entitlements */,
				03FCE38C1FE9F1EB008F90DD /* GlyphView.swift */,
				035AD88120B34BE9006494B7 /* NamesViewController.swift */,
			);
			path = UFOSample;
			sourceTree = "<group>";
		};
		03FCE3871FE89A6F008F90DD /* Frameworks */ = {
			isa = PBXGroup;
			children = (
				03FCE3891FE89A6F008F90DD /* UFOKit.framework */,
			);
			name = Frameworks;
			sourceTree = "<group>";
		};
/* End PBXGroup section */

/* Begin PBXNativeTarget section */
		03FCE36D1FE89640008F90DD /* UFOSample */ = {
			isa = PBXNativeTarget;
			buildConfigurationList = 03FCE37E1FE89640008F90DD /* Build configuration list for PBXNativeTarget "UFOSample" */;
			buildPhases = (
				03FCE36A1FE89640008F90DD /* Sources */,
				03FCE36B1FE89640008F90DD /* Frameworks */,
				03FCE36C1FE89640008F90DD /* Resources */,
				CAE563B0176EDF88345D5DE6 /* Tailor */,
			);
			buildRules = (
			);
			dependencies = (
			);
			name = UFOSample;
			productName = UFOSample;
			productReference = 03FCE36E1FE89640008F90DD /* UFOSample.app */;
			productType = "com.apple.product-type.application";
		};
/* End PBXNativeTarget section */

/* Begin PBXProject section */
		03FCE3661FE89640008F90DD /* Project object */ = {
			isa = PBXProject;
			attributes = {
				LastSwiftUpdateCheck = 0920;
				LastUpgradeCheck = 0930;
				ORGANIZATIONNAME = "David Schweinsberg";
				TargetAttributes = {
					03FCE36D1FE89640008F90DD = {
						CreatedOnToolsVersion = 9.2;
						ProvisioningStyle = Automatic;
					};
				};
			};
			buildConfigurationList = 03FCE3691FE89640008F90DD /* Build configuration list for PBXProject "UFOSample" */;
			compatibilityVersion = "Xcode 8.0";
			developmentRegion = en;
			hasScannedForEncodings = 0;
			knownRegions = (
				en,
				Base,
			);
			mainGroup = 03FCE3651FE89640008F90DD;
			productRefGroup = 03FCE36F1FE89640008F90DD /* Products */;
			projectDirPath = "";
			projectRoot = "";
			targets = (
				03FCE36D1FE89640008F90DD /* UFOSample */,
			);
		};
/* End PBXProject section */

/* Begin PBXResourcesBuildPhase section */
		03FCE36C1FE89640008F90DD /* Resources */ = {
			isa = PBXResourcesBuildPhase;
			buildActionMask = 2147483647;
			files = (
				03FCE3761FE89640008F90DD /* Assets.xcassets in Resources */,
				03FCE3791FE89640008F90DD /* Main.storyboard in Resources */,
			);
			runOnlyForDeploymentPostprocessing = 0;
		};
/* End PBXResourcesBuildPhase section */

/* Begin PBXShellScriptBuildPhase section */
		CAE563B0176EDF88345D5DE6 /* Tailor */ = {
			isa = PBXShellScriptBuildPhase;
			buildActionMask = 2147483647;
			files = (
			);
			inputPaths = (
			);
			name = Tailor;
			outputPaths = (
			);
			runOnlyForDeploymentPostprocessing = 0;
			shellPath = /bin/sh;
			shellScript = "if hash tailor 2>/dev/null; then\n  tailor\nelse\n  echo \"warning: Please install Tailor from https://tailor.sh\"\nfi";
			showEnvVarsInLog = 1;
		};
/* End PBXShellScriptBuildPhase section */

/* Begin PBXSourcesBuildPhase section */
		03FCE36A1FE89640008F90DD /* Sources */ = {
			isa = PBXSourcesBuildPhase;
			buildActionMask = 2147483647;
			files = (
				03FCE3741FE89640008F90DD /* ViewController.swift in Sources */,
				03FCE38D1FE9F1EB008F90DD /* GlyphView.swift in Sources */,
				03FCE3721FE89640008F90DD /* AppDelegate.swift in Sources */,
				035AD88220B34BE9006494B7 /* NamesViewController.swift in Sources */,
			);
			runOnlyForDeploymentPostprocessing = 0;
		};
/* End PBXSourcesBuildPhase section */

/* Begin PBXVariantGroup section */
		03FCE3771FE89640008F90DD /* Main.storyboard */ = {
			isa = PBXVariantGroup;
			children = (
				03FCE3781FE89640008F90DD /* Base */,
			);
			name = Main.storyboard;
			sourceTree = "<group>";
		};
/* End PBXVariantGroup section */

/* Begin XCBuildConfiguration section */
		03FCE37C1FE89640008F90DD /* Debug */ = {
			isa = XCBuildConfiguration;
			buildSettings = {
				ALWAYS_SEARCH_USER_PATHS = NO;
				CLANG_ANALYZER_NONNULL = YES;
				CLANG_ANALYZER_NUMBER_OBJECT_CONVERSION = YES_AGGRESSIVE;
				CLANG_CXX_LANGUAGE_STANDARD = "gnu++14";
				CLANG_CXX_LIBRARY = "libc++";
				CLANG_ENABLE_MODULES = YES;
				CLANG_ENABLE_OBJC_ARC = YES;
				CLANG_WARN_BLOCK_CAPTURE_AUTORELEASING = YES;
				CLANG_WARN_BOOL_CONVERSION = YES;
				CLANG_WARN_COMMA = YES;
				CLANG_WARN_CONSTANT_CONVERSION = YES;
				CLANG_WARN_DEPRECATED_OBJC_IMPLEMENTATIONS = YES;
				CLANG_WARN_DIRECT_OBJC_ISA_USAGE = YES_ERROR;
				CLANG_WARN_DOCUMENTATION_COMMENTS = YES;
				CLANG_WARN_EMPTY_BODY = YES;
				CLANG_WARN_ENUM_CONVERSION = YES;
				CLANG_WARN_INFINITE_RECURSION = YES;
				CLANG_WARN_INT_CONVERSION = YES;
				CLANG_WARN_NON_LITERAL_NULL_CONVERSION = YES;
				CLANG_WARN_OBJC_IMPLICIT_RETAIN_SELF = YES;
				CLANG_WARN_OBJC_LITERAL_CONVERSION = YES;
				CLANG_WARN_OBJC_ROOT_CLASS = YES_ERROR;
				CLANG_WARN_RANGE_LOOP_ANALYSIS = YES;
				CLANG_WARN_STRICT_PROTOTYPES = YES;
				CLANG_WARN_SUSPICIOUS_MOVE = YES;
				CLANG_WARN_UNGUARDED_AVAILABILITY = YES_AGGRESSIVE;
				CLANG_WARN_UNREACHABLE_CODE = YES;
				CLANG_WARN__DUPLICATE_METHOD_MATCH = YES;
				CODE_SIGN_IDENTITY = "Mac Developer";
				COPY_PHASE_STRIP = NO;
				DEBUG_INFORMATION_FORMAT = dwarf;
				ENABLE_STRICT_OBJC_MSGSEND = YES;
				ENABLE_TESTABILITY = YES;
				GCC_C_LANGUAGE_STANDARD = gnu11;
				GCC_DYNAMIC_NO_PIC = NO;
				GCC_NO_COMMON_BLOCKS = YES;
				GCC_OPTIMIZATION_LEVEL = 0;
				GCC_PREPROCESSOR_DEFINITIONS = (
					"DEBUG=1",
					"$(inherited)",
				);
				GCC_WARN_64_TO_32_BIT_CONVERSION = YES;
				GCC_WARN_ABOUT_RETURN_TYPE = YES_ERROR;
				GCC_WARN_UNDECLARED_SELECTOR = YES;
				GCC_WARN_UNINITIALIZED_AUTOS = YES_AGGRESSIVE;
				GCC_WARN_UNUSED_FUNCTION = YES;
				GCC_WARN_UNUSED_VARIABLE = YES;
				MACOSX_DEPLOYMENT_TARGET = 10.13;
				MTL_ENABLE_DEBUG_INFO = YES;
				ONLY_ACTIVE_ARCH = YES;
				SDKROOT = macosx;
				SWIFT_ACTIVE_COMPILATION_CONDITIONS = DEBUG;
				SWIFT_OPTIMIZATION_LEVEL = "-Onone";
			};
			name = Debug;
		};
		03FCE37D1FE89640008F90DD /* Release */ = {
			isa = XCBuildConfiguration;
			buildSettings = {
				ALWAYS_SEARCH_USER_PATHS = NO;
				CLANG_ANALYZER_NONNULL = YES;
				CLANG_ANALYZER_NUMBER_OBJECT_CONVERSION = YES_AGGRESSIVE;
				CLANG_CXX_LANGUAGE_STANDARD = "gnu++14";
				CLANG_CXX_LIBRARY = "libc++";
				CLANG_ENABLE_MODULES = YES;
				CLANG_ENABLE_OBJC_ARC = YES;
				CLANG_WARN_BLOCK_CAPTURE_AUTORELEASING = YES;
				CLANG_WARN_BOOL_CONVERSION = YES;
				CLANG_WARN_COMMA = YES;
				CLANG_WARN_CONSTANT_CONVERSION = YES;
				CLANG_WARN_DEPRECATED_OBJC_IMPLEMENTATIONS = YES;
				CLANG_WARN_DIRECT_OBJC_ISA_USAGE = YES_ERROR;
				CLANG_WARN_DOCUMENTATION_COMMENTS = YES;
				CLANG_WARN_EMPTY_BODY = YES;
				CLANG_WARN_ENUM_CONVERSION = YES;
				CLANG_WARN_INFINITE_RECURSION = YES;
				CLANG_WARN_INT_CONVERSION = YES;
				CLANG_WARN_NON_LITERAL_NULL_CONVERSION = YES;
				CLANG_WARN_OBJC_IMPLICIT_RETAIN_SELF = YES;
				CLANG_WARN_OBJC_LITERAL_CONVERSION = YES;
				CLANG_WARN_OBJC_ROOT_CLASS = YES_ERROR;
				CLANG_WARN_RANGE_LOOP_ANALYSIS = YES;
				CLANG_WARN_STRICT_PROTOTYPES = YES;
				CLANG_WARN_SUSPICIOUS_MOVE = YES;
				CLANG_WARN_UNGUARDED_AVAILABILITY = YES_AGGRESSIVE;
				CLANG_WARN_UNREACHABLE_CODE = YES;
				CLANG_WARN__DUPLICATE_METHOD_MATCH = YES;
				CODE_SIGN_IDENTITY = "Mac Developer";
				COPY_PHASE_STRIP = NO;
				DEBUG_INFORMATION_FORMAT = "dwarf-with-dsym";
				ENABLE_NS_ASSERTIONS = NO;
				ENABLE_STRICT_OBJC_MSGSEND = YES;
				GCC_C_LANGUAGE_STANDARD = gnu11;
				GCC_NO_COMMON_BLOCKS = YES;
				GCC_WARN_64_TO_32_BIT_CONVERSION = YES;
				GCC_WARN_ABOUT_RETURN_TYPE = YES_ERROR;
				GCC_WARN_UNDECLARED_SELECTOR = YES;
				GCC_WARN_UNINITIALIZED_AUTOS = YES_AGGRESSIVE;
				GCC_WARN_UNUSED_FUNCTION = YES;
				GCC_WARN_UNUSED_VARIABLE = YES;
				MACOSX_DEPLOYMENT_TARGET = 10.13;
				MTL_ENABLE_DEBUG_INFO = NO;
				SDKROOT = macosx;
				SWIFT_OPTIMIZATION_LEVEL = "-Owholemodule";
			};
			name = Release;
		};
		03FCE37F1FE89640008F90DD /* Debug */ = {
			isa = XCBuildConfiguration;
			buildSettings = {
				ASSETCATALOG_COMPILER_APPICON_NAME = AppIcon;
				CODE_SIGN_ENTITLEMENTS = UFOSample/UFOSample.entitlements;
				CODE_SIGN_STYLE = Automatic;
				COMBINE_HIDPI_IMAGES = YES;
				DEVELOPMENT_TEAM = 9MWCHY26A8;
				INFOPLIST_FILE = UFOSample/Info.plist;
				LD_RUNPATH_SEARCH_PATHS = "$(inherited) @executable_path/../Frameworks";
				PRODUCT_BUNDLE_IDENTIFIER = com.typista.UFOSample;
				PRODUCT_NAME = "$(TARGET_NAME)";
				SWIFT_VERSION = 4.0;
			};
			name = Debug;
		};
		03FCE3801FE89640008F90DD /* Release */ = {
			isa = XCBuildConfiguration;
			buildSettings = {
				ASSETCATALOG_COMPILER_APPICON_NAME = AppIcon;
				CODE_SIGN_ENTITLEMENTS = UFOSample/UFOSample.entitlements;
				CODE_SIGN_STYLE = Automatic;
				COMBINE_HIDPI_IMAGES = YES;
				DEVELOPMENT_TEAM = 9MWCHY26A8;
				INFOPLIST_FILE = UFOSample/Info.plist;
				LD_RUNPATH_SEARCH_PATHS = "$(inherited) @executable_path/../Frameworks";
				PRODUCT_BUNDLE_IDENTIFIER = com.typista.UFOSample;
				PRODUCT_NAME = "$(TARGET_NAME)";
				SWIFT_VERSION = 4.0;
			};
			name = Release;
		};
/* End XCBuildConfiguration section */

/* Begin XCConfigurationList section */
		03FCE3691FE89640008F90DD /* Build configuration list for PBXProject "UFOSample" */ = {
			isa = XCConfigurationList;
			buildConfigurations = (
				03FCE37C1FE89640008F90DD /* Debug */,
				03FCE37D1FE89640008F90DD /* Release */,
			);
			defaultConfigurationIsVisible = 0;
			defaultConfigurationName = Release;
		};
		03FCE37E1FE89640008F90DD /* Build configuration list for PBXNativeTarget "UFOSample" */ = {
			isa = XCConfigurationList;
			buildConfigurations = (
				03FCE37F1FE89640008F90DD /* Debug */,
				03FCE3801FE89640008F90DD /* Release */,
			);
			defaultConfigurationIsVisible = 0;
			defaultConfigurationName = Release;
		};
/* End XCConfigurationList section */
	};
	rootObject = 03FCE3661FE89640008F90DD /* Project object */;
}
